Microsoft Visual Studio Solution File, Format Version 12.00
# Visual Studio Version 17
VisualStudioVersion = 17.5.2.0
MinimumVisualStudioVersion = 10.0.40219.1
Project("{FAE04EC0-301F-11D3-BF4B-00C04F79EFBC}") = "GTAO_tools_menu", "GTAO_tools_menu\GTAO_tools_menu.csproj", "{A6C57D46-CD5E-5952-20D2-75753CEFD002}"
EndProject
Global
	GlobalSection(SolutionConfigurationPlatforms) = preSolution
		Debug|Any CPU = Debug|Any CPU
		Release|Any CPU = Release|Any CPU
	EndGlobalSection
	GlobalSection(ProjectConfigurationPlatforms) = postSolution
		{A6C57D46-CD5E-5952-20D2-75753CEFD002}.Debug|Any CPU.ActiveCfg = Debug|Any CPU
		{A6C57D46-CD5E-5952-20D2-75753CEFD002}.Debug|Any CPU.Build.0 = Debug|Any CPU
		{A6C57D46-CD5E-5952-20D2-75753CEFD002}.Release|Any CPU.ActiveCfg = Release|Any CPU
		{A6C57D46-CD5E-5952-20D2-75753CEFD002}.Release|Any CPU.Build.0 = Release|Any CPU
	EndGlobalSection
	GlobalSection(SolutionProperties) = preSolution
		HideSolutionNode = FALSE
	EndGlobalSection
	GlobalSection(ExtensibilityGlobals) = postSolution
		SolutionGuid = {FA6B4D6A-F01A-456A-B361-8623149A58DA}
	EndGlobalSection
EndGlobal
